
Microsoft Visual Studio Solution File, Format Version 12.00
# Visual Studio Version 17
VisualStudioVersion = 17.3.32819.101
MinimumVisualStudioVersion = 10.0.40219.1
Project("{FAE04EC0-301F-11D3-BF4B-00C04F79EFBC}") = "TheOmenDen.Shared.Tests", "TheOmenDen.Shared.Tests.csproj", "{8D600620-B327-45F9-AA1C-7C50D188A332}"
EndProject
Global
	GlobalSection(SolutionConfigurationPlatforms) = preSolution
		Debug|Any CPU = Debug|Any CPU
		Release|Any CPU = Release|Any CPU
	EndGlobalSection
	GlobalSection(ProjectConfigurationPlatforms) = postSolution
		{8D600620-B327-45F9-AA1C-7C50D188A332}.Debug|Any CPU.ActiveCfg = Debug|Any CPU
		{8D600620-B327-45F9-AA1C-7C50D188A332}.Debug|Any CPU.Build.0 = Debug|Any CPU
		{8D600620-B327-45F9-AA1C-7C50D188A332}.Release|Any CPU.ActiveCfg = Release|Any CPU
		{8D600620-B327-45F9-AA1C-7C50D188A332}.Release|Any CPU.Build.0 = Release|Any CPU
	EndGlobalSection
	GlobalSection(SolutionProperties) = preSolution
		HideSolutionNode = FALSE
	EndGlobalSection
	GlobalSection(ExtensibilityGlobals) = postSolution
		SolutionGuid = {16A05BB4-118B-4A77-9A1D-1A75F6DD4CDF}
	EndGlobalSection
EndGlobal
